Microsoft Visual Studio Solution File, Format Version 11.00
# Visual Studio 2010
Project("{E24C65DC-7377-472B-9ABA-BC803B73C61A}") = "WebSite14\", "WebSite14\", "{B472E7AD-2716-405C-A2C0-301AC0263B42}"
	ProjectSection(WebsiteProperties) = preProject
		Debug.AspNetCompiler.VirtualPath = "/WebSite14"
		Debug.AspNetCompiler.PhysicalPath = "WebSite14\"
		Debug.AspNetCompiler.TargetPath = "PrecompiledWeb\WebSite14\"
		Debug.AspNetCompiler.Updateable = "true"
		Debug.AspNetCompiler.ForceOverwrite = "true"
		Debug.AspNetCompiler.FixedNames = "false"
		Debug.AspNetCompiler.Debug = "True"
		Release.AspNetCompiler.VirtualPath = "/WebSite14"
		Release.AspNetCompiler.PhysicalPath = "WebSite14\"
		Release.AspNetCompiler.TargetPath = "PrecompiledWeb\WebSite14\"
		Release.AspNetCompiler.Updateable = "true"
		Release.AspNetCompiler.ForceOverwrite = "true"
		Release.AspNetCompiler.FixedNames = "false"
		Release.AspNetCompiler.Debug = "False"
		VWDPort = "49517"
	TargetFrameworkMoniker = ".NETFramework,Version%3Dv4.0"
EndProjectSection
EndProject
Global
	GlobalSection(SolutionConfigurationPlatforms) = preSolution
		Debug|.NET = Debug|.NET
	EndGlobalSection
	GlobalSection(ProjectConfigurationPlatforms) = postSolution
		{B472E7AD-2716-405C-A2C0-301AC0263B42}.Debug|.NET.ActiveCfg = Debug|.NET
		{B472E7AD-2716-405C-A2C0-301AC0263B42}.Debug|.NET.Build.0 = Debug|.NET
	EndGlobalSection
	GlobalSection(SolutionProperties) = preSolution
		HideSolutionNode = FALSE
	EndGlobalSection
EndGlobal
